{
    "_meta": {
        "hash": {
            "sha256": "25eded5dd702251b578aaab2fd1608dc6afacd3c96bedb5aa3de499017f318de"
        },
        "pipfile-spec": 6,
        "requires": {},
        "sources": [
            {
                "name": "pypi",
                "url": "https://pypi.org/simple",
                "verify_ssl": true
            }
        ]
    },
    "default": {
        "protobuf": {
            "git": "https://github.com/protocolbuffers/protobuf.git",
            "ref": "66dc42d891a4fc8e9190c524fd67961688a37bbe",
            "subdirectory": "python"
        }
    },
    "develop": {}
}
